Microsoft Visual Studio Solution File, Format Version 12.00
# Visual Studio Version 17
VisualStudioVersion = 17.5.2.0
MinimumVisualStudioVersion = 10.0.40219.1
Project("{FAE04EC0-301F-11D3-BF4B-00C04F79EFBC}") = "FinancialSystem", "FinancialSystem.csproj", "{F33B07C6-B502-F769-F279-A5934975A764}"
EndProject
Global
	GlobalSection(SolutionConfigurationPlatforms) = preSolution
		Debug|Any CPU = Debug|Any CPU
		Release|Any CPU = Release|Any CPU
	EndGlobalSection
	GlobalSection(ProjectConfigurationPlatforms) = postSolution
		{F33B07C6-B502-F769-F279-A5934975A764}.Debug|Any CPU.ActiveCfg = Debug|Any CPU
		{F33B07C6-B502-F769-F279-A5934975A764}.Debug|Any CPU.Build.0 = Debug|Any CPU
		{F33B07C6-B502-F769-F279-A5934975A764}.Release|Any CPU.ActiveCfg = Release|Any CPU
		{F33B07C6-B502-F769-F279-A5934975A764}.Release|Any CPU.Build.0 = Release|Any CPU
	EndGlobalSection
	GlobalSection(SolutionProperties) = preSolution
		HideSolutionNode = FALSE
	EndGlobalSection
	GlobalSection(ExtensibilityGlobals) = postSolution
		SolutionGuid = {9E7A17E5-DA08-4E44-A441-9027FA0E4878}
	EndGlobalSection
EndGlobal
